
Microsoft Visual Studio Solution File, Format Version 12.00
# Visual Studio 15
VisualStudioVersion = 15.0.28307.136
MinimumVisualStudioVersion = 10.0.40219.1
Project("{FAE04EC0-301F-11D3-BF4B-00C04F79EFBC}") = "csADS", "csADS\csADS.csproj", "{F484730B-6458-424C-BD20-55A75088FCC4}"
EndProject
Global
	GlobalSection(SolutionConfigurationPlatforms) = preSolution
		Debug|Any CPU = Debug|Any CPU
		Release|Any CPU = Release|Any CPU
	EndGlobalSection
	GlobalSection(ProjectConfigurationPlatforms) = postSolution
		{F484730B-6458-424C-BD20-55A75088FCC4}.Debug|Any CPU.ActiveCfg = Debug|Any CPU
		{F484730B-6458-424C-BD20-55A75088FCC4}.Debug|Any CPU.Build.0 = Debug|Any CPU
		{F484730B-6458-424C-BD20-55A75088FCC4}.Release|Any CPU.ActiveCfg = Release|Any CPU
		{F484730B-6458-424C-BD20-55A75088FCC4}.Release|Any CPU.Build.0 = Release|Any CPU
	EndGlobalSection
	GlobalSection(SolutionProperties) = preSolution
		HideSolutionNode = FALSE
	EndGlobalSection
	GlobalSection(ExtensibilityGlobals) = postSolution
		SolutionGuid = {CEA51242-ED15-4C8C-A3C5-37C4915B3867}
	EndGlobalSection
EndGlobal
